
Microsoft Visual Studio Solution File, Format Version 12.00
# Visual Studio 15
VisualStudioVersion = 15.0.27428.2015
MinimumVisualStudioVersion = 10.0.40219.1
Project("{888888A0-9F3D-457C-B088-3A5042F75D52}") = "evohome-client", "evohome-client.pyproj", "{9C55B0D5-8C60-445F-8E2D-FA7F652756FE}"
EndProject
Project("{888888A0-9F3D-457C-B088-3A5042F75D52}") = "evohome-client-implementation", "..\evohome-client-implementation\evohome-client-implementation.pyproj", "{E403C845-8122-4415-8ABD-CCE816286913}"
EndProject
Global
	GlobalSection(SolutionConfigurationPlatforms) = preSolution
		Debug|Any CPU = Debug|Any CPU
		Release|Any CPU = Release|Any CPU
	EndGlobalSection
	GlobalSection(ProjectConfigurationPlatforms) = postSolution
		{9C55B0D5-8C60-445F-8E2D-FA7F652756FE}.Debug|Any CPU.ActiveCfg = Debug|Any CPU
		{9C55B0D5-8C60-445F-8E2D-FA7F652756FE}.Release|Any CPU.ActiveCfg = Release|Any CPU
		{E403C845-8122-4415-8ABD-CCE816286913}.Debug|Any CPU.ActiveCfg = Debug|Any CPU
		{E403C845-8122-4415-8ABD-CCE816286913}.Release|Any CPU.ActiveCfg = Release|Any CPU
	EndGlobalSection
	GlobalSection(SolutionProperties) = preSolution
		HideSolutionNode = FALSE
	EndGlobalSection
	GlobalSection(ExtensibilityGlobals) = postSolution
		SolutionGuid = {91C12F89-56E9-4574-9B07-0E6DDAB3B7B3}
	EndGlobalSection
EndGlobal
